
Microsoft Visual Studio Solution File, Format Version 12.00
# Visual Studio Version 17
VisualStudioVersion = 17.5.002.0
MinimumVisualStudioVersion = 10.0.40219.1
Project("{9A19103F-16F7-4668-BE54-9A1E7A4F7556}") = "Task19", "Task19\Task19.csproj", "{8C3A3094-3D29-4921-9139-9C9B96E291F1}"
EndProject
Project("{9A19103F-16F7-4668-BE54-9A1E7A4F7556}") = "Task22", "Task22\Task22.csproj", "{78C09A40-D0D3-4909-87B1-1873C61A4008}"
EndProject
Project("{9A19103F-16F7-4668-BE54-9A1E7A4F7556}") = "Task23", "Task23\Task23.csproj", "{24DFCE77-A0CE-4D61-82A0-EEF15A9C5A2B}"
EndProject
Project("{9A19103F-16F7-4668-BE54-9A1E7A4F7556}") = "Task25", "Task25\Task25.csproj", "{362B6DC1-B2F0-40EB-A713-A6C2162704C3}"
EndProject
Project("{9A19103F-16F7-4668-BE54-9A1E7A4F7556}") = "Task27", "Task27\Task27.csproj", "{5DF6FCB5-F6ED-48B1-9D46-29BFEA55180F}"
EndProject
Project("{9A19103F-16F7-4668-BE54-9A1E7A4F7556}") = "Task29", "Task29\Task29.csproj", "{7FCEB625-E625-40FA-8933-2FAD7FB56D38}"
EndProject
Project("{9A19103F-16F7-4668-BE54-9A1E7A4F7556}") = "Task34", "Task34\Task34.csproj", "{6B14A3DB-CC35-463F-80C3-4815B25C3650}"
EndProject
Project("{9A19103F-16F7-4668-BE54-9A1E7A4F7556}") = "Task41_43", "Task41_43\Task41_43.csproj", "{838B03F8-FDDE-47E3-90FE-020B3CC9A543}"
EndProject
Project("{9A19103F-16F7-4668-BE54-9A1E7A4F7556}") = "Task47_50_52", "Task47_50_52\Task47_50_52.csproj", "{B903BAF6-3CAF-4B46-9416-FB4FA7FD960D}"
EndProject
Project("{9A19103F-16F7-4668-BE54-9A1E7A4F7556}") = "Task54-56-58", "Task54-56-58\Task54-56-58.csproj", "{1F8655FB-A6CC-4F29-8C69-7C444CBBE88D}"
EndProject
Project("{9A19103F-16F7-4668-BE54-9A1E7A4F7556}") = "Task64_66_68", "Task64_66_68\Task64_66_68.csproj", "{DA30B2A0-0013-47F4-9024-6FC2D2A18C15}"
EndProject
Global
	GlobalSection(SolutionConfigurationPlatforms) = preSolution
		Debug|Any CPU = Debug|Any CPU
		Release|Any CPU = Release|Any CPU
	EndGlobalSection
	GlobalSection(ProjectConfigurationPlatforms) = postSolution
		{8C3A3094-3D29-4921-9139-9C9B96E291F1}.Debug|Any CPU.ActiveCfg = Debug|Any CPU
		{8C3A3094-3D29-4921-9139-9C9B96E291F1}.Debug|Any CPU.Build.0 = Debug|Any CPU
		{8C3A3094-3D29-4921-9139-9C9B96E291F1}.Release|Any CPU.ActiveCfg = Release|Any CPU
		{8C3A3094-3D29-4921-9139-9C9B96E291F1}.Release|Any CPU.Build.0 = Release|Any CPU
		{78C09A40-D0D3-4909-87B1-1873C61A4008}.Debug|Any CPU.ActiveCfg = Debug|Any CPU
		{78C09A40-D0D3-4909-87B1-1873C61A4008}.Debug|Any CPU.Build.0 = Debug|Any CPU
		{78C09A40-D0D3-4909-87B1-1873C61A4008}.Release|Any CPU.ActiveCfg = Release|Any CPU
		{78C09A40-D0D3-4909-87B1-1873C61A4008}.Release|Any CPU.Build.0 = Release|Any CPU
		{24DFCE77-A0CE-4D61-82A0-EEF15A9C5A2B}.Debug|Any CPU.ActiveCfg = Debug|Any CPU
		{24DFCE77-A0CE-4D61-82A0-EEF15A9C5A2B}.Debug|Any CPU.Build.0 = Debug|Any CPU
		{24DFCE77-A0CE-4D61-82A0-EEF15A9C5A2B}.Release|Any CPU.ActiveCfg = Release|Any CPU
		{24DFCE77-A0CE-4D61-82A0-EEF15A9C5A2B}.Release|Any CPU.Build.0 = Release|Any CPU
		{362B6DC1-B2F0-40EB-A713-A6C2162704C3}.Debug|Any CPU.ActiveCfg = Debug|Any CPU
		{362B6DC1-B2F0-40EB-A713-A6C2162704C3}.Debug|Any CPU.Build.0 = Debug|Any CPU
		{362B6DC1-B2F0-40EB-A713-A6C2162704C3}.Release|Any CPU.ActiveCfg = Release|Any CPU
		{362B6DC1-B2F0-40EB-A713-A6C2162704C3}.Release|Any CPU.Build.0 = Release|Any CPU
		{5DF6FCB5-F6ED-48B1-9D46-29BFEA55180F}.Debug|Any CPU.ActiveCfg = Debug|Any CPU
		{5DF6FCB5-F6ED-48B1-9D46-29BFEA55180F}.Debug|Any CPU.Build.0 = Debug|Any CPU
		{5DF6FCB5-F6ED-48B1-9D46-29BFEA55180F}.Release|Any CPU.ActiveCfg = Release|Any CPU
		{5DF6FCB5-F6ED-48B1-9D46-29BFEA55180F}.Release|Any CPU.Build.0 = Release|Any CPU
		{7FCEB625-E625-40FA-8933-2FAD7FB56D38}.Debug|Any CPU.ActiveCfg = Debug|Any CPU
		{7FCEB625-E625-40FA-8933-2FAD7FB56D38}.Debug|Any CPU.Build.0 = Debug|Any CPU
		{7FCEB625-E625-40FA-8933-2FAD7FB56D38}.Release|Any CPU.ActiveCfg = Release|Any CPU
		{7FCEB625-E625-40FA-8933-2FAD7FB56D38}.Release|Any CPU.Build.0 = Release|Any CPU
		{6B14A3DB-CC35-463F-80C3-4815B25C3650}.Debug|Any CPU.ActiveCfg = Debug|Any CPU
		{6B14A3DB-CC35-463F-80C3-4815B25C3650}.Debug|Any CPU.Build.0 = Debug|Any CPU
		{6B14A3DB-CC35-463F-80C3-4815B25C3650}.Release|Any CPU.ActiveCfg = Release|Any CPU
		{6B14A3DB-CC35-463F-80C3-4815B25C3650}.Release|Any CPU.Build.0 = Release|Any CPU
		{838B03F8-FDDE-47E3-90FE-020B3CC9A543}.Debug|Any CPU.ActiveCfg = Debug|Any CPU
		{838B03F8-FDDE-47E3-90FE-020B3CC9A543}.Debug|Any CPU.Build.0 = Debug|Any CPU
		{838B03F8-FDDE-47E3-90FE-020B3CC9A543}.Release|Any CPU.ActiveCfg = Release|Any CPU
		{838B03F8-FDDE-47E3-90FE-020B3CC9A543}.Release|Any CPU.Build.0 = Release|Any CPU
		{B903BAF6-3CAF-4B46-9416-FB4FA7FD960D}.Debug|Any CPU.ActiveCfg = Debug|Any CPU
		{B903BAF6-3CAF-4B46-9416-FB4FA7FD960D}.Debug|Any CPU.Build.0 = Debug|Any CPU
		{B903BAF6-3CAF-4B46-9416-FB4FA7FD960D}.Release|Any CPU.ActiveCfg = Release|Any CPU
		{B903BAF6-3CAF-4B46-9416-FB4FA7FD960D}.Release|Any CPU.Build.0 = Release|Any CPU
		{1F8655FB-A6CC-4F29-8C69-7C444CBBE88D}.Debug|Any CPU.ActiveCfg = Debug|Any CPU
		{1F8655FB-A6CC-4F29-8C69-7C444CBBE88D}.Debug|Any CPU.Build.0 = Debug|Any CPU
		{1F8655FB-A6CC-4F29-8C69-7C444CBBE88D}.Release|Any CPU.ActiveCfg = Release|Any CPU
		{1F8655FB-A6CC-4F29-8C69-7C444CBBE88D}.Release|Any CPU.Build.0 = Release|Any CPU
		{DA30B2A0-0013-47F4-9024-6FC2D2A18C15}.Debug|Any CPU.ActiveCfg = Debug|Any CPU
		{DA30B2A0-0013-47F4-9024-6FC2D2A18C15}.Debug|Any CPU.Build.0 = Debug|Any CPU
		{DA30B2A0-0013-47F4-9024-6FC2D2A18C15}.Release|Any CPU.ActiveCfg = Release|Any CPU
		{DA30B2A0-0013-47F4-9024-6FC2D2A18C15}.Release|Any CPU.Build.0 = Release|Any CPU
	EndGlobalSection
	GlobalSection(SolutionProperties) = preSolution
		HideSolutionNode = FALSE
	EndGlobalSection
	GlobalSection(ExtensibilityGlobals) = postSolution
		SolutionGuid = {4525F5ED-722A-4072-B6A6-18BA8C1EDDE7}
	EndGlobalSection
EndGlobal
