
Microsoft Visual Studio Solution File, Format Version 12.00
# Visual Studio Version 17
VisualStudioVersion = 17.5.002.0
MinimumVisualStudioVersion = 10.0.40219.1
Project("{9A19103F-16F7-4668-BE54-9A1E7A4F7556}") = "Task19", "Task19\Task19.csproj", "{BABA83F2-062D-408A-BBDF-3B3F7D528DB9}"
EndProject
Project("{9A19103F-16F7-4668-BE54-9A1E7A4F7556}") = "Task22", "Task22\Task22.csproj", "{5D719FAD-A5C0-4EF4-B5AB-905205A50072}"
EndProject
Project("{9A19103F-16F7-4668-BE54-9A1E7A4F7556}") = "Task23", "Task23\Task23.csproj", "{9D664BD7-C0FD-47E4-BE50-7594840FA7D3}"
EndProject
Project("{9A19103F-16F7-4668-BE54-9A1E7A4F7556}") = "Task25", "Task25\Task25.csproj", "{AAEA9B45-8415-4CC3-8F92-3CF9F724368C}"
EndProject
Project("{9A19103F-16F7-4668-BE54-9A1E7A4F7556}") = "Task27", "Task27\Task27.csproj", "{5813D2DF-970D-4766-85D5-422984C85104}"
EndProject
Project("{9A19103F-16F7-4668-BE54-9A1E7A4F7556}") = "Task29", "Task29\Task29.csproj", "{50224392-DF65-4359-9AD2-9656D99C5303}"
EndProject
Project("{9A19103F-16F7-4668-BE54-9A1E7A4F7556}") = "Task34", "Task34\Task34.csproj", "{39C0469F-7299-4523-8DC2-E18DDE56CEE3}"
EndProject
Project("{9A19103F-16F7-4668-BE54-9A1E7A4F7556}") = "Task41_43", "Task41_43\Task41_43.csproj", "{7B3A9B48-9795-420B-B94F-3871E1215399}"
EndProject
Global
	GlobalSection(SolutionConfigurationPlatforms) = preSolution
		Debug|Any CPU = Debug|Any CPU
		Release|Any CPU = Release|Any CPU
	EndGlobalSection
	GlobalSection(ProjectConfigurationPlatforms) = postSolution
		{BABA83F2-062D-408A-BBDF-3B3F7D528DB9}.Debug|Any CPU.ActiveCfg = Debug|Any CPU
		{BABA83F2-062D-408A-BBDF-3B3F7D528DB9}.Debug|Any CPU.Build.0 = Debug|Any CPU
		{BABA83F2-062D-408A-BBDF-3B3F7D528DB9}.Release|Any CPU.ActiveCfg = Release|Any CPU
		{BABA83F2-062D-408A-BBDF-3B3F7D528DB9}.Release|Any CPU.Build.0 = Release|Any CPU
		{5D719FAD-A5C0-4EF4-B5AB-905205A50072}.Debug|Any CPU.ActiveCfg = Debug|Any CPU
		{5D719FAD-A5C0-4EF4-B5AB-905205A50072}.Debug|Any CPU.Build.0 = Debug|Any CPU
		{5D719FAD-A5C0-4EF4-B5AB-905205A50072}.Release|Any CPU.ActiveCfg = Release|Any CPU
		{5D719FAD-A5C0-4EF4-B5AB-905205A50072}.Release|Any CPU.Build.0 = Release|Any CPU
		{9D664BD7-C0FD-47E4-BE50-7594840FA7D3}.Debug|Any CPU.ActiveCfg = Debug|Any CPU
		{9D664BD7-C0FD-47E4-BE50-7594840FA7D3}.Debug|Any CPU.Build.0 = Debug|Any CPU
		{9D664BD7-C0FD-47E4-BE50-7594840FA7D3}.Release|Any CPU.ActiveCfg = Release|Any CPU
		{9D664BD7-C0FD-47E4-BE50-7594840FA7D3}.Release|Any CPU.Build.0 = Release|Any CPU
		{AAEA9B45-8415-4CC3-8F92-3CF9F724368C}.Debug|Any CPU.ActiveCfg = Debug|Any CPU
		{AAEA9B45-8415-4CC3-8F92-3CF9F724368C}.Debug|Any CPU.Build.0 = Debug|Any CPU
		{AAEA9B45-8415-4CC3-8F92-3CF9F724368C}.Release|Any CPU.ActiveCfg = Release|Any CPU
		{AAEA9B45-8415-4CC3-8F92-3CF9F724368C}.Release|Any CPU.Build.0 = Release|Any CPU
		{5813D2DF-970D-4766-85D5-422984C85104}.Debug|Any CPU.ActiveCfg = Debug|Any CPU
		{5813D2DF-970D-4766-85D5-422984C85104}.Debug|Any CPU.Build.0 = Debug|Any CPU
		{5813D2DF-970D-4766-85D5-422984C85104}.Release|Any CPU.ActiveCfg = Release|Any CPU
		{5813D2DF-970D-4766-85D5-422984C85104}.Release|Any CPU.Build.0 = Release|Any CPU
		{50224392-DF65-4359-9AD2-9656D99C5303}.Debug|Any CPU.ActiveCfg = Debug|Any CPU
		{50224392-DF65-4359-9AD2-9656D99C5303}.Debug|Any CPU.Build.0 = Debug|Any CPU
		{50224392-DF65-4359-9AD2-9656D99C5303}.Release|Any CPU.ActiveCfg = Release|Any CPU
		{50224392-DF65-4359-9AD2-9656D99C5303}.Release|Any CPU.Build.0 = Release|Any CPU
		{39C0469F-7299-4523-8DC2-E18DDE56CEE3}.Debug|Any CPU.ActiveCfg = Debug|Any CPU
		{39C0469F-7299-4523-8DC2-E18DDE56CEE3}.Debug|Any CPU.Build.0 = Debug|Any CPU
		{39C0469F-7299-4523-8DC2-E18DDE56CEE3}.Release|Any CPU.ActiveCfg = Release|Any CPU
		{39C0469F-7299-4523-8DC2-E18DDE56CEE3}.Release|Any CPU.Build.0 = Release|Any CPU
		{7B3A9B48-9795-420B-B94F-3871E1215399}.Debug|Any CPU.ActiveCfg = Debug|Any CPU
		{7B3A9B48-9795-420B-B94F-3871E1215399}.Debug|Any CPU.Build.0 = Debug|Any CPU
		{7B3A9B48-9795-420B-B94F-3871E1215399}.Release|Any CPU.ActiveCfg = Release|Any CPU
		{7B3A9B48-9795-420B-B94F-3871E1215399}.Release|Any CPU.Build.0 = Release|Any CPU
	EndGlobalSection
	GlobalSection(SolutionProperties) = preSolution
		HideSolutionNode = FALSE
	EndGlobalSection
	GlobalSection(ExtensibilityGlobals) = postSolution
		SolutionGuid = {DEB5CB02-6A14-44E2-891E-22DE1E434DD6}
	EndGlobalSection
EndGlobal
