
Microsoft Visual Studio Solution File, Format Version 12.00
# Visual Studio Version 17
VisualStudioVersion = 17.5.002.0
MinimumVisualStudioVersion = 10.0.40219.1
Project("{9A19103F-16F7-4668-BE54-9A1E7A4F7556}") = "Task19", "Task19\Task19.csproj", "{EE739606-5799-42B2-95CA-EF882B31A34F}"
EndProject
Project("{9A19103F-16F7-4668-BE54-9A1E7A4F7556}") = "Task22", "Task22\Task22.csproj", "{C9B3E309-49BF-4A7E-A838-A4C11EE41FCA}"
EndProject
Project("{9A19103F-16F7-4668-BE54-9A1E7A4F7556}") = "Task23", "Task23\Task23.csproj", "{7B588DA3-BAC7-4977-97D7-7AF09DEBF0CF}"
EndProject
Project("{9A19103F-16F7-4668-BE54-9A1E7A4F7556}") = "Task25", "Task25\Task25.csproj", "{305C7E2D-12CB-4673-8A83-3E7E095071F0}"
EndProject
Project("{9A19103F-16F7-4668-BE54-9A1E7A4F7556}") = "Task27", "Task27\Task27.csproj", "{86BC8E90-3556-4233-9D82-9865FCD18010}"
EndProject
Project("{9A19103F-16F7-4668-BE54-9A1E7A4F7556}") = "Task29", "Task29\Task29.csproj", "{138692F1-F176-4973-9E75-68C1721CF20A}"
EndProject
Project("{9A19103F-16F7-4668-BE54-9A1E7A4F7556}") = "Task34", "Task34\Task34.csproj", "{A0D2637B-6E35-44F6-A4DB-AA9C86C60A87}"
EndProject
Project("{9A19103F-16F7-4668-BE54-9A1E7A4F7556}") = "Task41_43", "Task41_43\Task41_43.csproj", "{06FE07A3-FBA9-49D4-9AC1-39E80EF1A835}"
EndProject
Project("{9A19103F-16F7-4668-BE54-9A1E7A4F7556}") = "Task47_50_52", "Task47_50_52\Task47_50_52.csproj", "{B40CC67D-6900-4E48-8AF2-129BDD49F1A3}"
EndProject
Global
	GlobalSection(SolutionConfigurationPlatforms) = preSolution
		Debug|Any CPU = Debug|Any CPU
		Release|Any CPU = Release|Any CPU
	EndGlobalSection
	GlobalSection(ProjectConfigurationPlatforms) = postSolution
		{EE739606-5799-42B2-95CA-EF882B31A34F}.Debug|Any CPU.ActiveCfg = Debug|Any CPU
		{EE739606-5799-42B2-95CA-EF882B31A34F}.Debug|Any CPU.Build.0 = Debug|Any CPU
		{EE739606-5799-42B2-95CA-EF882B31A34F}.Release|Any CPU.ActiveCfg = Release|Any CPU
		{EE739606-5799-42B2-95CA-EF882B31A34F}.Release|Any CPU.Build.0 = Release|Any CPU
		{C9B3E309-49BF-4A7E-A838-A4C11EE41FCA}.Debug|Any CPU.ActiveCfg = Debug|Any CPU
		{C9B3E309-49BF-4A7E-A838-A4C11EE41FCA}.Debug|Any CPU.Build.0 = Debug|Any CPU
		{C9B3E309-49BF-4A7E-A838-A4C11EE41FCA}.Release|Any CPU.ActiveCfg = Release|Any CPU
		{C9B3E309-49BF-4A7E-A838-A4C11EE41FCA}.Release|Any CPU.Build.0 = Release|Any CPU
		{7B588DA3-BAC7-4977-97D7-7AF09DEBF0CF}.Debug|Any CPU.ActiveCfg = Debug|Any CPU
		{7B588DA3-BAC7-4977-97D7-7AF09DEBF0CF}.Debug|Any CPU.Build.0 = Debug|Any CPU
		{7B588DA3-BAC7-4977-97D7-7AF09DEBF0CF}.Release|Any CPU.ActiveCfg = Release|Any CPU
		{7B588DA3-BAC7-4977-97D7-7AF09DEBF0CF}.Release|Any CPU.Build.0 = Release|Any CPU
		{305C7E2D-12CB-4673-8A83-3E7E095071F0}.Debug|Any CPU.ActiveCfg = Debug|Any CPU
		{305C7E2D-12CB-4673-8A83-3E7E095071F0}.Debug|Any CPU.Build.0 = Debug|Any CPU
		{305C7E2D-12CB-4673-8A83-3E7E095071F0}.Release|Any CPU.ActiveCfg = Release|Any CPU
		{305C7E2D-12CB-4673-8A83-3E7E095071F0}.Release|Any CPU.Build.0 = Release|Any CPU
		{86BC8E90-3556-4233-9D82-9865FCD18010}.Debug|Any CPU.ActiveCfg = Debug|Any CPU
		{86BC8E90-3556-4233-9D82-9865FCD18010}.Debug|Any CPU.Build.0 = Debug|Any CPU
		{86BC8E90-3556-4233-9D82-9865FCD18010}.Release|Any CPU.ActiveCfg = Release|Any CPU
		{86BC8E90-3556-4233-9D82-9865FCD18010}.Release|Any CPU.Build.0 = Release|Any CPU
		{138692F1-F176-4973-9E75-68C1721CF20A}.Debug|Any CPU.ActiveCfg = Debug|Any CPU
		{138692F1-F176-4973-9E75-68C1721CF20A}.Debug|Any CPU.Build.0 = Debug|Any CPU
		{138692F1-F176-4973-9E75-68C1721CF20A}.Release|Any CPU.ActiveCfg = Release|Any CPU
		{138692F1-F176-4973-9E75-68C1721CF20A}.Release|Any CPU.Build.0 = Release|Any CPU
		{A0D2637B-6E35-44F6-A4DB-AA9C86C60A87}.Debug|Any CPU.ActiveCfg = Debug|Any CPU
		{A0D2637B-6E35-44F6-A4DB-AA9C86C60A87}.Debug|Any CPU.Build.0 = Debug|Any CPU
		{A0D2637B-6E35-44F6-A4DB-AA9C86C60A87}.Release|Any CPU.ActiveCfg = Release|Any CPU
		{A0D2637B-6E35-44F6-A4DB-AA9C86C60A87}.Release|Any CPU.Build.0 = Release|Any CPU
		{06FE07A3-FBA9-49D4-9AC1-39E80EF1A835}.Debug|Any CPU.ActiveCfg = Debug|Any CPU
		{06FE07A3-FBA9-49D4-9AC1-39E80EF1A835}.Debug|Any CPU.Build.0 = Debug|Any CPU
		{06FE07A3-FBA9-49D4-9AC1-39E80EF1A835}.Release|Any CPU.ActiveCfg = Release|Any CPU
		{06FE07A3-FBA9-49D4-9AC1-39E80EF1A835}.Release|Any CPU.Build.0 = Release|Any CPU
		{B40CC67D-6900-4E48-8AF2-129BDD49F1A3}.Debug|Any CPU.ActiveCfg = Debug|Any CPU
		{B40CC67D-6900-4E48-8AF2-129BDD49F1A3}.Debug|Any CPU.Build.0 = Debug|Any CPU
		{B40CC67D-6900-4E48-8AF2-129BDD49F1A3}.Release|Any CPU.ActiveCfg = Release|Any CPU
		{B40CC67D-6900-4E48-8AF2-129BDD49F1A3}.Release|Any CPU.Build.0 = Release|Any CPU
	EndGlobalSection
	GlobalSection(SolutionProperties) = preSolution
		HideSolutionNode = FALSE
	EndGlobalSection
	GlobalSection(ExtensibilityGlobals) = postSolution
		SolutionGuid = {4025CA6E-6D2A-445F-9EB2-F22408AB831B}
	EndGlobalSection
EndGlobal
